lockfileVersion: '9.0'

settings:
  autoInstallPeers: true
  excludeLinksFromLockfile: false

importers:

  .:
    dependencies:
      heap-js:
        specifier: ^2.5.0
        version: 2.5.0
      lodash-es:
        specifier: ^4.17.21
        version: 4.17.21
    devDependencies:
      '@types/lodash-es':
        specifier: ^4.17.12
        version: 4.17.12
      '@types/node':
        specifier: ^22.10.1
        version: 22.10.1

packages:

  '@types/lodash-es@4.17.12':
    resolution: {integrity: sha512-0NgftHUcV4v34VhXm8QBSftKVXtbkBG3ViCjs6+eJ5a6y6Mi/jiFGPc1sC7QK+9BFhWrURE3EOggmWaSxL9OzQ==}

  '@types/lodash@4.17.13':
    resolution: {integrity: sha512-lfx+dftrEZcdBPczf9d0Qv0x+j/rfNCMuC6OcfXmO8gkfeNAY88PgKUbvG56whcN23gc27yenwF6oJZXGFpYxg==}

  '@types/node@22.10.1':
    resolution: {integrity: sha512-qKgsUwfHZV2WCWLAnVP1JqnpE6Im6h3Y0+fYgMTasNQ7V++CBX5OT1as0g0f+OyubbFqhf6XVNIsmN4IIhEgGQ==}

  heap-js@2.5.0:
    resolution: {integrity: sha512-kUGoI3p7u6B41z/dp33G6OaL7J4DRqRYwVmeIlwLClx7yaaAy7hoDExnuejTKtuDwfcatGmddHDEOjf6EyIxtQ==}
    engines: {node: '>=10.0.0'}

  lodash-es@4.17.21:
    resolution: {integrity: sha512-mKnC+QJ9pWVzv+C4/U3rRsHapFfHvQFoFB92e52xeyGMcX6/OlIl78je1u8vePzYZSkkogMPJ2yjxxsb89cxyw==}

  undici-types@6.20.0:
    resolution: {integrity: sha512-Ny6QZ2Nju20vw1SRHe3d9jVu6gJ+4e3+MMpqu7pqE5HT6WsTSlce++GQmK5UXS8mzV8DSYHrQH+Xrf2jVcuKNg==}

snapshots:

  '@types/lodash-es@4.17.12':
    dependencies:
      '@types/lodash': 4.17.13

  '@types/lodash@4.17.13': {}

  '@types/node@22.10.1':
    dependencies:
      undici-types: 6.20.0

  heap-js@2.5.0: {}

  lodash-es@4.17.21: {}

  undici-types@6.20.0: {}
